// !$*UTF8*$!
{
	archiveVersion = 1;
	classes = {
	};
	objectVersion = 56;
	objects = {

/* Begin PBXBuildFile section */
		1A6FE3D02BB2FB6E008EC547 /* RealityKitContent in Frameworks */ = {isa = PBXBuildFile; productRef = 1A6FE3CF2BB2FB6E008EC547 /* RealityKitContent */; };
		1A6FE3D22BB2FB6E008EC547 /* VisionOSBarcodeSampleApp.swift in Sources */ = {isa = PBXBuildFile; fileRef = 1A6FE3D12BB2FB6E008EC547 /* VisionOSBarcodeSampleApp.swift */; };
		1A6FE3D42BB2FB6E008EC547 /* ContentView.swift in Sources */ = {isa = PBXBuildFile; fileRef = 1A6FE3D32BB2FB6E008EC547 /* ContentView.swift */; };
		1A6FE3D62BB2FB6F008EC547 /* Assets.xcassets in Resources */ = {isa = PBXBuildFile; fileRef = 1A6FE3D52BB2FB6F008EC547 /* Assets.xcassets */; };
		1A6FE3D92BB2FB6F008EC547 /* Preview Assets.xcassets in Resources */ = {isa = PBXBuildFile; fileRef = 1A6FE3D82BB2FB6F008EC547 /* Preview Assets.xcassets */; };
		1A6FE3E42BB2FB6F008EC547 /* VisionOSBarcodeSampleTests.swift in Sources */ = {isa = PBXBuildFile; fileRef = 1A6FE3E32BB2FB6F008EC547 /* VisionOSBarcodeSampleTests.swift */; };
/* End PBXBuildFile section */

/* Begin PBXContainerItemProxy section */
		1A6FE3E02BB2FB6F008EC547 /* PBXContainerItemProxy */ = {
			isa = PBXContainerItemProxy;
			containerPortal = 1A6FE3C22BB2FB6E008EC547 /* Project object */;
			proxyType = 1;
			remoteGlobalIDString = 1A6FE3C92BB2FB6E008EC547;
			remoteInfo = VisionOSBarcodeSample;
		};
/* End PBXContainerItemProxy section */

/* Begin PBXFileReference section */
		1A6FE3CA2BB2FB6E008EC547 /* VisionOSBarcodeSample.app */ = {isa = PBXFileReference; explicitFileType = wrapper.application; includeInIndex = 0; path = VisionOSBarcodeSample.app; sourceTree = BUILT_PRODUCTS_DIR; };
		1A6FE3CE2BB2FB6E008EC547 /* RealityKitContent */ = {isa = PBXFileReference; lastKnownFileType = wrapper; path = RealityKitContent; sourceTree = "<group>"; };
		1A6FE3D12BB2FB6E008EC547 /* VisionOSBarcodeSampleApp.swift */ = {isa = PBXFileReference; lastKnownFileType = sourcecode.swift; path = VisionOSBarcodeSampleApp.swift; sourceTree = "<group>"; };
		1A6FE3D32BB2FB6E008EC547 /* ContentView.swift */ = {isa = PBXFileReference; lastKnownFileType = sourcecode.swift; path = ContentView.swift; sourceTree = "<group>"; };
		1A6FE3D52BB2FB6F008EC547 /* Assets.xcassets */ = {isa = PBXFileReference; lastKnownFileType = folder.assetcatalog; path = Assets.xcassets; sourceTree = "<group>"; };
		1A6FE3D82BB2FB6F008EC547 /* Preview Assets.xcassets */ = {isa = PBXFileReference; lastKnownFileType = folder.assetcatalog; path = "Preview Assets.xcassets"; sourceTree = "<group>"; };
		1A6FE3DA2BB2FB6F008EC547 /* Info.plist */ = {isa = PBXFileReference; lastKnownFileType = text.plist.xml; path = Info.plist; sourceTree = "<group>"; };
		1A6FE3DF2BB2FB6F008EC547 /* VisionOSBarcodeSampleTests.xctest */ = {isa = PBXFileReference; explicitFileType = wrapper.cfbundle; includeInIndex = 0; path = VisionOSBarcodeSampleTests.xctest; sourceTree = BUILT_PRODUCTS_DIR; };
		1A6FE3E32BB2FB6F008EC547 /* VisionOSBarcodeSampleTests.swift */ = {isa = PBXFileReference; lastKnownFileType = sourcecode.swift; path = VisionOSBarcodeSampleTests.swift; sourceTree = "<group>"; };
/* End PBXFileReference section */

/* Begin PBXFrameworksBuildPhase section */
		1A6FE3C72BB2FB6E008EC547 /* Frameworks */ = {
			isa = PBXFrameworksBuildPhase;
			buildActionMask = 2147483647;
			files = (
				1A6FE3D02BB2FB6E008EC547 /* RealityKitContent in Frameworks */,
			);
			runOnlyForDeploymentPostprocessing = 0;
		};
		1A6FE3DC2BB2FB6F008EC547 /* Frameworks */ = {
			isa = PBXFrameworksBuildPhase;
			buildActionMask = 2147483647;
			files = (
			);
			runOnlyForDeploymentPostprocessing = 0;
		};
/* End PBXFrameworksBuildPhase section */

/* Begin PBXGroup section */
		1A6FE3C12BB2FB6E008EC547 = {
			isa = PBXGroup;
			children = (
				1A6FE3CC2BB2FB6E008EC547 /* VisionOSBarcodeSample */,
				1A6FE3CD2BB2FB6E008EC547 /* Packages */,
				1A6FE3E22BB2FB6F008EC547 /* VisionOSBarcodeSampleTests */,
				1A6FE3CB2BB2FB6E008EC547 /* Products */,
			);
			sourceTree = "<group>";
		};
		1A6FE3CB2BB2FB6E008EC547 /* Products */ = {
			isa = PBXGroup;
			children = (
				1A6FE3CA2BB2FB6E008EC547 /* VisionOSBarcodeSample.app */,
				1A6FE3DF2BB2FB6F008EC547 /* VisionOSBarcodeSampleTests.xctest */,
			);
			name = Products;
			sourceTree = "<group>";
		};
		1A6FE3CC2BB2FB6E008EC547 /* VisionOSBarcodeSample */ = {
			isa = PBXGroup;
			children = (
				1A6FE3D12BB2FB6E008EC547 /* VisionOSBarcodeSampleApp.swift */,
				1A6FE3D32BB2FB6E008EC547 /* ContentView.swift */,
				1A6FE3D52BB2FB6F008EC547 /* Assets.xcassets */,
				1A6FE3DA2BB2FB6F008EC547 /* Info.plist */,
				1A6FE3D72BB2FB6F008EC547 /* Preview Content */,
			);
			path = VisionOSBarcodeSample;
			sourceTree = "<group>";
		};
		1A6FE3CD2BB2FB6E008EC547 /* Packages */ = {
			isa = PBXGroup;
			children = (
				1A6FE3CE2BB2FB6E008EC547 /* RealityKitContent */,
			);
			path = Packages;
			sourceTree = "<group>";
		};
		1A6FE3D72BB2FB6F008EC547 /* Preview Content */ = {
			isa = PBXGroup;
			children = (
				1A6FE3D82BB2FB6F008EC547 /* Preview Assets.xcassets */,
			);
			path = "Preview Content";
			sourceTree = "<group>";
		};
		1A6FE3E22BB2FB6F008EC547 /* VisionOSBarcodeSampleTests */ = {
			isa = PBXGroup;
			children = (
				1A6FE3E32BB2FB6F008EC547 /* VisionOSBarcodeSampleTests.swift */,
			);
			path = VisionOSBarcodeSampleTests;
			sourceTree = "<group>";
		};
/* End PBXGroup section */

/* Begin PBXNativeTarget section */
		1A6FE3C92BB2FB6E008EC547 /* VisionOSBarcodeSample */ = {
			isa = PBXNativeTarget;
			buildConfigurationList = 1A6FE3E72BB2FB6F008EC547 /* Build configuration list for PBXNativeTarget "VisionOSBarcodeSample" */;
			buildPhases = (
				1A6FE3C62BB2FB6E008EC547 /* Sources */,
				1A6FE3C72BB2FB6E008EC547 /* Frameworks */,
				1A6FE3C82BB2FB6E008EC547 /* Resources */,
			);
			buildRules = (
			);
			dependencies = (
			);
			name = VisionOSBarcodeSample;
			packageProductDependencies = (
				1A6FE3CF2BB2FB6E008EC547 /* RealityKitContent */,
			);
			productName = VisionOSBarcodeSample;
			productReference = 1A6FE3CA2BB2FB6E008EC547 /* VisionOSBarcodeSample.app */;
			productType = "com.apple.product-type.application";
		};
		1A6FE3DE2BB2FB6F008EC547 /* VisionOSBarcodeSampleTests */ = {
			isa = PBXNativeTarget;
			buildConfigurationList = 1A6FE3EA2BB2FB6F008EC547 /* Build configuration list for PBXNativeTarget "VisionOSBarcodeSampleTests" */;
			buildPhases = (
				1A6FE3DB2BB2FB6F008EC547 /* Sources */,
				1A6FE3DC2BB2FB6F008EC547 /* Frameworks */,
				1A6FE3DD2BB2FB6F008EC547 /* Resources */,
			);
			buildRules = (
			);
			dependencies = (
				1A6FE3E12BB2FB6F008EC547 /* PBXTargetDependency */,
			);
			name = VisionOSBarcodeSampleTests;
			productName = VisionOSBarcodeSampleTests;
			productReference = 1A6FE3DF2BB2FB6F008EC547 /* VisionOSBarcodeSampleTests.xctest */;
			productType = "com.apple.product-type.bundle.unit-test";
		};
/* End PBXNativeTarget section */

/* Begin PBXProject section */
		1A6FE3C22BB2FB6E008EC547 /* Project object */ = {
			isa = PBXProject;
			attributes = {
				BuildIndependentTargetsInParallel = 1;
				LastSwiftUpdateCheck = 1530;
				LastUpgradeCheck = 1530;
				TargetAttributes = {
					1A6FE3C92BB2FB6E008EC547 = {
						CreatedOnToolsVersion = 15.3;
					};
					1A6FE3DE2BB2FB6F008EC547 = {
						CreatedOnToolsVersion = 15.3;
						TestTargetID = 1A6FE3C92BB2FB6E008EC547;
					};
				};
			};
			buildConfigurationList = 1A6FE3C52BB2FB6E008EC547 /* Build configuration list for PBXProject "VisionOSBarcodeSample" */;
			compatibilityVersion = "Xcode 14.0";
			developmentRegion = en;
			hasScannedForEncodings = 0;
			knownRegions = (
				en,
				Base,
			);
			mainGroup = 1A6FE3C12BB2FB6E008EC547;
			productRefGroup = 1A6FE3CB2BB2FB6E008EC547 /* Products */;
			projectDirPath = "";
			projectRoot = "";
			targets = (
				1A6FE3C92BB2FB6E008EC547 /* VisionOSBarcodeSample */,
				1A6FE3DE2BB2FB6F008EC547 /* VisionOSBarcodeSampleTests */,
			);
		};
/* End PBXProject section */

/* Begin PBXResourcesBuildPhase section */
		1A6FE3C82BB2FB6E008EC547 /* Resources */ = {
			isa = PBXResourcesBuildPhase;
			buildActionMask = 2147483647;
			files = (
				1A6FE3D92BB2FB6F008EC547 /* Preview Assets.xcassets in Resources */,
				1A6FE3D62BB2FB6F008EC547 /* Assets.xcassets in Resources */,
			);
			runOnlyForDeploymentPostprocessing = 0;
		};
		1A6FE3DD2BB2FB6F008EC547 /* Resources */ = {
			isa = PBXResourcesBuildPhase;
			buildActionMask = 2147483647;
			files = (
			);
			runOnlyForDeploymentPostprocessing = 0;
		};
/* End PBXResourcesBuildPhase section */

/* Begin PBXSourcesBuildPhase section */
		1A6FE3C62BB2FB6E008EC547 /* Sources */ = {
			isa = PBXSourcesBuildPhase;
			buildActionMask = 2147483647;
			files = (
				1A6FE3D42BB2FB6E008EC547 /* ContentView.swift in Sources */,
				1A6FE3D22BB2FB6E008EC547 /* VisionOSBarcodeSampleApp.swift in Sources */,
			);
			runOnlyForDeploymentPostprocessing = 0;
		};
		1A6FE3DB2BB2FB6F008EC547 /* Sources */ = {
			isa = PBXSourcesBuildPhase;
			buildActionMask = 2147483647;
			files = (
				1A6FE3E42BB2FB6F008EC547 /* VisionOSBarcodeSampleTests.swift in Sources */,
			);
			runOnlyForDeploymentPostprocessing = 0;
		};
/* End PBXSourcesBuildPhase section */

/* Begin PBXTargetDependency section */
		1A6FE3E12BB2FB6F008EC547 /* PBXTargetDependency */ = {
			isa = PBXTargetDependency;
			target = 1A6FE3C92BB2FB6E008EC547 /* VisionOSBarcodeSample */;
			targetProxy = 1A6FE3E02BB2FB6F008EC547 /* PBXContainerItemProxy */;
		};
/* End PBXTargetDependency section */

/* Begin XCBuildConfiguration section */
		1A6FE3E52BB2FB6F008EC547 /* Debug */ = {
			isa = XCBuildConfiguration;
			buildSettings = {
				ALWAYS_SEARCH_USER_PATHS = NO;
				ASSETCATALOG_COMPILER_GENERATE_SWIFT_ASSET_SYMBOL_EXTENSIONS = YES;
				CLANG_ANALYZER_NONNULL = YES;
				CLANG_ANALYZER_NUMBER_OBJECT_CONVERSION = YES_AGGRESSIVE;
				CLANG_CXX_LANGUAGE_STANDARD = "gnu++20";
				CLANG_ENABLE_MODULES = YES;
				CLANG_ENABLE_OBJC_ARC = YES;
				CLANG_ENABLE_OBJC_WEAK = YES;
				CLANG_WARN_BLOCK_CAPTURE_AUTORELEASING = YES;
				CLANG_WARN_BOOL_CONVERSION = YES;
				CLANG_WARN_COMMA = YES;
				CLANG_WARN_CONSTANT_CONVERSION = YES;
				CLANG_WARN_DEPRECATED_OBJC_IMPLEMENTATIONS = YES;
				CLANG_WARN_DIRECT_OBJC_ISA_USAGE = YES_ERROR;
				CLANG_WARN_DOCUMENTATION_COMMENTS = YES;
				CLANG_WARN_EMPTY_BODY = YES;
				CLANG_WARN_ENUM_CONVERSION = YES;
				CLANG_WARN_INFINITE_RECURSION = YES;
				CLANG_WARN_INT_CONVERSION = YES;
				CLANG_WARN_NON_LITERAL_NULL_CONVERSION = YES;
				CLANG_WARN_OBJC_IMPLICIT_RETAIN_SELF = YES;
				CLANG_WARN_OBJC_LITERAL_CONVERSION = YES;
				CLANG_WARN_OBJC_ROOT_CLASS = YES_ERROR;
				CLANG_WARN_QUOTED_INCLUDE_IN_FRAMEWORK_HEADER = YES;
				CLANG_WARN_RANGE_LOOP_ANALYSIS = YES;
				CLANG_WARN_STRICT_PROTOTYPES = YES;
				CLANG_WARN_SUSPICIOUS_MOVE = YES;
				CLANG_WARN_UNGUARDED_AVAILABILITY = YES_AGGRESSIVE;
				CLANG_WARN_UNREACHABLE_CODE = YES;
				CLANG_WARN__DUPLICATE_METHOD_MATCH = YES;
				COPY_PHASE_STRIP = NO;
				DEBUG_INFORMATION_FORMAT = dwarf;
				ENABLE_STRICT_OBJC_MSGSEND = YES;
				ENABLE_TESTABILITY = YES;
				ENABLE_USER_SCRIPT_SANDBOXING = YES;
				GCC_C_LANGUAGE_STANDARD = gnu17;
				GCC_DYNAMIC_NO_PIC = NO;
				GCC_NO_COMMON_BLOCKS = YES;
				GCC_OPTIMIZATION_LEVEL = 0;
				GCC_PREPROCESSOR_DEFINITIONS = (
					"DEBUG=1",
					"$(inherited)",
				);
				GCC_WARN_64_TO_32_BIT_CONVERSION = YES;
				GCC_WARN_ABOUT_RETURN_TYPE = YES_ERROR;
				GCC_WARN_UNDECLARED_SELECTOR = YES;
				GCC_WARN_UNINITIALIZED_AUTOS = YES_AGGRESSIVE;
				GCC_WARN_UNUSED_FUNCTION = YES;
				GCC_WARN_UNUSED_VARIABLE = YES;
				LOCALIZATION_PREFERS_STRING_CATALOGS = YES;
				MTL_ENABLE_DEBUG_INFO = INCLUDE_SOURCE;
				MTL_FAST_MATH = YES;
				ONLY_ACTIVE_ARCH = YES;
				SDKROOT = xros;
				SWIFT_ACTIVE_COMPILATION_CONDITIONS = "DEBUG $(inherited)";
				SWIFT_OPTIMIZATION_LEVEL = "-Onone";
				XROS_DEPLOYMENT_TARGET = 1.1;
			};
			name = Debug;
		};
		1A6FE3E62BB2FB6F008EC547 /* Release */ = {
			isa = XCBuildConfiguration;
			buildSettings = {
				ALWAYS_SEARCH_USER_PATHS = NO;
				ASSETCATALOG_COMPILER_GENERATE_SWIFT_ASSET_SYMBOL_EXTENSIONS = YES;
				CLANG_ANALYZER_NONNULL = YES;
				CLANG_ANALYZER_NUMBER_OBJECT_CONVERSION = YES_AGGRESSIVE;
				CLANG_CXX_LANGUAGE_STANDARD = "gnu++20";
				CLANG_ENABLE_MODULES = YES;
				CLANG_ENABLE_OBJC_ARC = YES;
				CLANG_ENABLE_OBJC_WEAK = YES;
				CLANG_WARN_BLOCK_CAPTURE_AUTORELEASING = YES;
				CLANG_WARN_BOOL_CONVERSION = YES;
				CLANG_WARN_COMMA = YES;
				CLANG_WARN_CONSTANT_CONVERSION = YES;
				CLANG_WARN_DEPRECATED_OBJC_IMPLEMENTATIONS = YES;
				CLANG_WARN_DIRECT_OBJC_ISA_USAGE = YES_ERROR;
				CLANG_WARN_DOCUMENTATION_COMMENTS = YES;
				CLANG_WARN_EMPTY_BODY = YES;
				CLANG_WARN_ENUM_CONVERSION = YES;
				CLANG_WARN_INFINITE_RECURSION = YES;
				CLANG_WARN_INT_CONVERSION = YES;
				CLANG_WARN_NON_LITERAL_NULL_CONVERSION = YES;
				CLANG_WARN_OBJC_IMPLICIT_RETAIN_SELF = YES;
				CLANG_WARN_OBJC_LITERAL_CONVERSION = YES;
				CLANG_WARN_OBJC_ROOT_CLASS = YES_ERROR;
				CLANG_WARN_QUOTED_INCLUDE_IN_FRAMEWORK_HEADER = YES;
				CLANG_WARN_RANGE_LOOP_ANALYSIS = YES;
				CLANG_WARN_STRICT_PROTOTYPES = YES;
				CLANG_WARN_SUSPICIOUS_MOVE = YES;
				CLANG_WARN_UNGUARDED_AVAILABILITY = YES_AGGRESSIVE;
				CLANG_WARN_UNREACHABLE_CODE = YES;
				CLANG_WARN__DUPLICATE_METHOD_MATCH = YES;
				COPY_PHASE_STRIP = NO;
				DEBUG_INFORMATION_FORMAT = "dwarf-with-dsym";
				ENABLE_NS_ASSERTIONS = NO;
				ENABLE_STRICT_OBJC_MSGSEND = YES;
				ENABLE_USER_SCRIPT_SANDBOXING = YES;
				GCC_C_LANGUAGE_STANDARD = gnu17;
				GCC_NO_COMMON_BLOCKS = YES;
				GCC_WARN_64_TO_32_BIT_CONVERSION = YES;
				GCC_WARN_ABOUT_RETURN_TYPE = YES_ERROR;
				GCC_WARN_UNDECLARED_SELECTOR = YES;
				GCC_WARN_UNINITIALIZED_AUTOS = YES_AGGRESSIVE;
				GCC_WARN_UNUSED_FUNCTION = YES;
				GCC_WARN_UNUSED_VARIABLE = YES;
				LOCALIZATION_PREFERS_STRING_CATALOGS = YES;
				MTL_ENABLE_DEBUG_INFO = NO;
				MTL_FAST_MATH = YES;
				SDKROOT = xros;
				SWIFT_COMPILATION_MODE = wholemodule;
				VALIDATE_PRODUCT = YES;
				XROS_DEPLOYMENT_TARGET = 1.1;
			};
			name = Release;
		};
		1A6FE3E82BB2FB6F008EC547 /* Debug */ = {
			isa = XCBuildConfiguration;
			buildSettings = {
				ASSETCATALOG_COMPILER_APPICON_NAME = AppIcon;
				ASSETCATALOG_COMPILER_GLOBAL_ACCENT_COLOR_NAME = AccentColor;
				CODE_SIGN_STYLE = Automatic;
				CURRENT_PROJECT_VERSION = 1;
				DEVELOPMENT_ASSET_PATHS = "\"VisionOSBarcodeSample/Preview Content\"";
				DEVELOPMENT_TEAM = ED5R9E794B;
				ENABLE_PREVIEWS = YES;
				GENERATE_INFOPLIST_FILE = YES;
				INFOPLIST_FILE = "$(TARGET_NAME)/Info.plist";
				LD_RUNPATH_SEARCH_PATHS = (
					"$(inherited)",
					"@executable_path/Frameworks",
				);
				MARKETING_VERSION = 1.0;
				PRODUCT_BUNDLE_IDENTIFIER = jp.co.1planet.visionos.sample.barcode.VisionOSBarcodeSample;
				PRODUCT_NAME = "$(TARGET_NAME)";
				SUPPORTED_PLATFORMS = "xros xrsimulator";
				SWIFT_EMIT_LOC_STRINGS = YES;
				SWIFT_VERSION = 5.0;
				TARGETED_DEVICE_FAMILY = "1,2,7";
			};
			name = Debug;
		};
		1A6FE3E92BB2FB6F008EC547 /* Release */ = {
			isa = XCBuildConfiguration;
			buildSettings = {
				ASSETCATALOG_COMPILER_APPICON_NAME = AppIcon;
				ASSETCATALOG_COMPILER_GLOBAL_ACCENT_COLOR_NAME = AccentColor;
				CODE_SIGN_STYLE = Automatic;
				CURRENT_PROJECT_VERSION = 1;
				DEVELOPMENT_ASSET_PATHS = "\"VisionOSBarcodeSample/Preview Content\"";
				DEVELOPMENT_TEAM = ED5R9E794B;
				ENABLE_PREVIEWS = YES;
				GENERATE_INFOPLIST_FILE = YES;
				INFOPLIST_FILE = "$(TARGET_NAME)/Info.plist";
				LD_RUNPATH_SEARCH_PATHS = (
					"$(inherited)",
					"@executable_path/Frameworks",
				);
				MARKETING_VERSION = 1.0;
				PRODUCT_BUNDLE_IDENTIFIER = jp.co.1planet.visionos.sample.barcode.VisionOSBarcodeSample;
				PRODUCT_NAME = "$(TARGET_NAME)";
				SUPPORTED_PLATFORMS = "xros xrsimulator";
				SWIFT_EMIT_LOC_STRINGS = YES;
				SWIFT_VERSION = 5.0;
				TARGETED_DEVICE_FAMILY = "1,2,7";
			};
			name = Release;
		};
		1A6FE3EB2BB2FB6F008EC547 /* Debug */ = {
			isa = XCBuildConfiguration;
			buildSettings = {
				ALWAYS_EMBED_SWIFT_STANDARD_LIBRARIES = YES;
				BUNDLE_LOADER = "$(TEST_HOST)";
				CODE_SIGN_STYLE = Automatic;
				CURRENT_PROJECT_VERSION = 1;
				DEVELOPMENT_TEAM = ED5R9E794B;
				GENERATE_INFOPLIST_FILE = YES;
				MARKETING_VERSION = 1.0;
				PRODUCT_BUNDLE_IDENTIFIER = jp.co.1planet.visionos.sample.barcode.VisionOSBarcodeSampleTests;
				PRODUCT_NAME = "$(TARGET_NAME)";
				SUPPORTED_PLATFORMS = "xros xrsimulator";
				SWIFT_EMIT_LOC_STRINGS = NO;
				SWIFT_VERSION = 5.0;
				TARGETED_DEVICE_FAMILY = "1,2,7";
				TEST_HOST = "$(BUILT_PRODUCTS_DIR)/VisionOSBarcodeSample.app/$(BUNDLE_EXECUTABLE_FOLDER_PATH)/VisionOSBarcodeSample";
				XROS_DEPLOYMENT_TARGET = 1.1;
			};
			name = Debug;
		};
		1A6FE3EC2BB2FB6F008EC547 /* Release */ = {
			isa = XCBuildConfiguration;
			buildSettings = {
				ALWAYS_EMBED_SWIFT_STANDARD_LIBRARIES = YES;
				BUNDLE_LOADER = "$(TEST_HOST)";
				CODE_SIGN_STYLE = Automatic;
				CURRENT_PROJECT_VERSION = 1;
				DEVELOPMENT_TEAM = ED5R9E794B;
				GENERATE_INFOPLIST_FILE = YES;
				MARKETING_VERSION = 1.0;
				PRODUCT_BUNDLE_IDENTIFIER = jp.co.1planet.visionos.sample.barcode.VisionOSBarcodeSampleTests;
				PRODUCT_NAME = "$(TARGET_NAME)";
				SUPPORTED_PLATFORMS = "xros xrsimulator";
				SWIFT_EMIT_LOC_STRINGS = NO;
				SWIFT_VERSION = 5.0;
				TARGETED_DEVICE_FAMILY = "1,2,7";
				TEST_HOST = "$(BUILT_PRODUCTS_DIR)/VisionOSBarcodeSample.app/$(BUNDLE_EXECUTABLE_FOLDER_PATH)/VisionOSBarcodeSample";
				XROS_DEPLOYMENT_TARGET = 1.1;
			};
			name = Release;
		};
/* End XCBuildConfiguration section */

/* Begin XCConfigurationList section */
		1A6FE3C52BB2FB6E008EC547 /* Build configuration list for PBXProject "VisionOSBarcodeSample" */ = {
			isa = XCConfigurationList;
			buildConfigurations = (
				1A6FE3E52BB2FB6F008EC547 /* Debug */,
				1A6FE3E62BB2FB6F008EC547 /* Release */,
			);
			defaultConfigurationIsVisible = 0;
			defaultConfigurationName = Release;
		};
		1A6FE3E72BB2FB6F008EC547 /* Build configuration list for PBXNativeTarget "VisionOSBarcodeSample" */ = {
			isa = XCConfigurationList;
			buildConfigurations = (
				1A6FE3E82BB2FB6F008EC547 /* Debug */,
				1A6FE3E92BB2FB6F008EC547 /* Release */,
			);
			defaultConfigurationIsVisible = 0;
			defaultConfigurationName = Release;
		};
		1A6FE3EA2BB2FB6F008EC547 /* Build configuration list for PBXNativeTarget "VisionOSBarcodeSampleTests" */ = {
			isa = XCConfigurationList;
			buildConfigurations = (
				1A6FE3EB2BB2FB6F008EC547 /* Debug */,
				1A6FE3EC2BB2FB6F008EC547 /* Release */,
			);
			defaultConfigurationIsVisible = 0;
			defaultConfigurationName = Release;
		};
/* End XCConfigurationList section */

/* Begin XCSwiftPackageProductDependency section */
		1A6FE3CF2BB2FB6E008EC547 /* RealityKitContent */ = {
			isa = XCSwiftPackageProductDependency;
			productName = RealityKitContent;
		};
/* End XCSwiftPackageProductDependency section */
	};
	rootObject = 1A6FE3C22BB2FB6E008EC547 /* Project object */;
}
